// !$*UTF8*$!
{
	archiveVersion = 1;
	classes = {
	};
	objectVersion = 55;
	objects = {

/* Begin PBXBuildFile section */
		4C499BBC28A9E2CD000BC720 /* AppDelegate.swift in Sources */ = {isa = PBXBuildFile; fileRef = 4C499BBB28A9E2CD000BC720 /* AppDelegate.swift */; };
		4C499BBE28A9E2CD000BC720 /* SceneDelegate.swift in Sources */ = {isa = PBXBuildFile; fileRef = 4C499BBD28A9E2CD000BC720 /* SceneDelegate.swift */; };
		4C499BC028A9E2CD000BC720 /* ViewController.swift in Sources */ = {isa = PBXBuildFile; fileRef = 4C499BBF28A9E2CD000BC720 /* ViewController.swift */; };
		4C499BC528A9E2CE000BC720 /* Assets.xcassets in Resources */ = {isa = PBXBuildFile; fileRef = 4C499BC428A9E2CE000BC720 /* Assets.xcassets */; };
		4C499BC828A9E2CE000BC720 /* LaunchScreen.storyboard in Resources */ = {isa = PBXBuildFile; fileRef = 4C499BC628A9E2CE000BC720 /* LaunchScreen.storyboard */; };
		4C499BD028A9E38F000BC720 /* MainView.swift in Sources */ = {isa = PBXBuildFile; fileRef = 4C499BCF28A9E38F000BC720 /* MainView.swift */; };
		4C499BD528A9E7E4000BC720 /* ReusableButton.swift in Sources */ = {isa = PBXBuildFile; fileRef = 4C499BD428A9E7E4000BC720 /* ReusableButton.swift */; };
		4C499BD728A9F541000BC720 /* Story.swift in Sources */ = {isa = PBXBuildFile; fileRef = 4C499BD628A9F541000BC720 /* Story.swift */; };
		4C499BDA28AA0258000BC720 /* StoryBrain.swift in Sources */ = {isa = PBXBuildFile; fileRef = 4C499BD928AA0258000BC720 /* StoryBrain.swift */; };
/* End PBXBuildFile section */

/* Begin PBXFileReference section */
		4C499BB828A9E2CD000BC720 /* Destini-No-Storyboard.app */ = {isa = PBXFileReference; explicitFileType = wrapper.application; includeInIndex = 0; path = "Destini-No-Storyboard.app"; sourceTree = BUILT_PRODUCTS_DIR; };
		4C499BBB28A9E2CD000BC720 /* AppDelegate.swift */ = {isa = PBXFileReference; lastKnownFileType = sourcecode.swift; path = AppDelegate.swift; sourceTree = "<group>"; };
		4C499BBD28A9E2CD000BC720 /* SceneDelegate.swift */ = {isa = PBXFileReference; lastKnownFileType = sourcecode.swift; path = SceneDelegate.swift; sourceTree = "<group>"; };
		4C499BBF28A9E2CD000BC720 /* ViewController.swift */ = {isa = PBXFileReference; lastKnownFileType = sourcecode.swift; path = ViewController.swift; sourceTree = "<group>"; };
		4C499BC428A9E2CE000BC720 /* Assets.xcassets */ = {isa = PBXFileReference; lastKnownFileType = folder.assetcatalog; path = Assets.xcassets; sourceTree = "<group>"; };
		4C499BC728A9E2CE000BC720 /* Base */ = {isa = PBXFileReference; lastKnownFileType = file.storyboard; name = Base; path = Base.lproj/LaunchScreen.storyboard; sourceTree = "<group>"; };
		4C499BC928A9E2CE000BC720 /* Info.plist */ = {isa = PBXFileReference; lastKnownFileType = text.plist.xml; path = Info.plist; sourceTree = "<group>"; };
		4C499BCF28A9E38F000BC720 /* MainView.swift */ = {isa = PBXFileReference; lastKnownFileType = sourcecode.swift; path = MainView.swift; sourceTree = "<group>"; };
		4C499BD428A9E7E4000BC720 /* ReusableButton.swift */ = {isa = PBXFileReference; lastKnownFileType = sourcecode.swift; path = ReusableButton.swift; sourceTree = "<group>"; };
		4C499BD628A9F541000BC720 /* Story.swift */ = {isa = PBXFileReference; lastKnownFileType = sourcecode.swift; path = Story.swift; sourceTree = "<group>"; };
		4C499BD928AA0258000BC720 /* StoryBrain.swift */ = {isa = PBXFileReference; lastKnownFileType = sourcecode.swift; path = StoryBrain.swift; sourceTree = "<group>"; };
/* End PBXFileReference section */

/* Begin PBXFrameworksBuildPhase section */
		4C499BB528A9E2CD000BC720 /* Frameworks */ = {
			isa = PBXFrameworksBuildPhase;
			buildActionMask = 2147483647;
			files = (
			);
			runOnlyForDeploymentPostprocessing = 0;
		};
/* End PBXFrameworksBuildPhase section */

/* Begin PBXGroup section */
		4C499BAF28A9E2CD000BC720 = {
			isa = PBXGroup;
			children = (
				4C499BBA28A9E2CD000BC720 /* Destini-No-Storyboard */,
				4C499BB928A9E2CD000BC720 /* Products */,
			);
			sourceTree = "<group>";
		};
		4C499BB928A9E2CD000BC720 /* Products */ = {
			isa = PBXGroup;
			children = (
				4C499BB828A9E2CD000BC720 /* Destini-No-Storyboard.app */,
			);
			name = Products;
			sourceTree = "<group>";
		};
		4C499BBA28A9E2CD000BC720 /* Destini-No-Storyboard */ = {
			isa = PBXGroup;
			children = (
				4C499BBB28A9E2CD000BC720 /* AppDelegate.swift */,
				4C499BBD28A9E2CD000BC720 /* SceneDelegate.swift */,
				4C499BD828A9F54A000BC720 /* Model */,
				4C499BD328A9E566000BC720 /* View */,
				4C499BD128A9E397000BC720 /* Controller */,
				4C499BC428A9E2CE000BC720 /* Assets.xcassets */,
				4C499BC628A9E2CE000BC720 /* LaunchScreen.storyboard */,
				4C499BC928A9E2CE000BC720 /* Info.plist */,
			);
			path = "Destini-No-Storyboard";
			sourceTree = "<group>";
		};
		4C499BD128A9E397000BC720 /* Controller */ = {
			isa = PBXGroup;
			children = (
				4C499BBF28A9E2CD000BC720 /* ViewController.swift */,
			);
			path = Controller;
			sourceTree = "<group>";
		};
		4C499BD328A9E566000BC720 /* View */ = {
			isa = PBXGroup;
			children = (
				4C499BCF28A9E38F000BC720 /* MainView.swift */,
				4C499BD428A9E7E4000BC720 /* ReusableButton.swift */,
			);
			path = View;
			sourceTree = "<group>";
		};
		4C499BD828A9F54A000BC720 /* Model */ = {
			isa = PBXGroup;
			children = (
				4C499BD628A9F541000BC720 /* Story.swift */,
				4C499BD928AA0258000BC720 /* StoryBrain.swift */,
			);
			path = Model;
			sourceTree = "<group>";
		};
/* End PBXGroup section */

/* Begin PBXNativeTarget section */
		4C499BB728A9E2CD000BC720 /* Destini-No-Storyboard */ = {
			isa = PBXNativeTarget;
			buildConfigurationList = 4C499BCC28A9E2CE000BC720 /* Build configuration list for PBXNativeTarget "Destini-No-Storyboard" */;
			buildPhases = (
				4C499BB428A9E2CD000BC720 /* Sources */,
				4C499BB528A9E2CD000BC720 /* Frameworks */,
				4C499BB628A9E2CD000BC720 /* Resources */,
			);
			buildRules = (
			);
			dependencies = (
			);
			name = "Destini-No-Storyboard";
			productName = "Destini-No-Storyboard";
			productReference = 4C499BB828A9E2CD000BC720 /* Destini-No-Storyboard.app */;
			productType = "com.apple.product-type.application";
		};
/* End PBXNativeTarget section */

/* Begin PBXProject section */
		4C499BB028A9E2CD000BC720 /* Project object */ = {
			isa = PBXProject;
			attributes = {
				BuildIndependentTargetsInParallel = 1;
				LastSwiftUpdateCheck = 1340;
				LastUpgradeCheck = 1340;
				TargetAttributes = {
					4C499BB728A9E2CD000BC720 = {
						CreatedOnToolsVersion = 13.4.1;
					};
				};
			};
			buildConfigurationList = 4C499BB328A9E2CD000BC720 /* Build configuration list for PBXProject "Destini-No-Storyboard" */;
			compatibilityVersion = "Xcode 13.0";
			developmentRegion = en;
			hasScannedForEncodings = 0;
			knownRegions = (
				en,
				Base,
			);
			mainGroup = 4C499BAF28A9E2CD000BC720;
			productRefGroup = 4C499BB928A9E2CD000BC720 /* Products */;
			projectDirPath = "";
			projectRoot = "";
			targets = (
				4C499BB728A9E2CD000BC720 /* Destini-No-Storyboard */,
			);
		};
/* End PBXProject section */

/* Begin PBXResourcesBuildPhase section */
		4C499BB628A9E2CD000BC720 /* Resources */ = {
			isa = PBXResourcesBuildPhase;
			buildActionMask = 2147483647;
			files = (
				4C499BC828A9E2CE000BC720 /* LaunchScreen.storyboard in Resources */,
				4C499BC528A9E2CE000BC720 /* Assets.xcassets in Resources */,
			);
			runOnlyForDeploymentPostprocessing = 0;
		};
/* End PBXResourcesBuildPhase section */

/* Begin PBXSourcesBuildPhase section */
		4C499BB428A9E2CD000BC720 /* Sources */ = {
			isa = PBXSourcesBuildPhase;
			buildActionMask = 2147483647;
			files = (
				4C499BC028A9E2CD000BC720 /* ViewController.swift in Sources */,
				4C499BD528A9E7E4000BC720 /* ReusableButton.swift in Sources */,
				4C499BD028A9E38F000BC720 /* MainView.swift in Sources */,
				4C499BBC28A9E2CD000BC720 /* AppDelegate.swift in Sources */,
				4C499BBE28A9E2CD000BC720 /* SceneDelegate.swift in Sources */,
				4C499BDA28AA0258000BC720 /* StoryBrain.swift in Sources */,
				4C499BD728A9F541000BC720 /* Story.swift in Sources */,
			);
			runOnlyForDeploymentPostprocessing = 0;
		};
/* End PBXSourcesBuildPhase section */

/* Begin PBXVariantGroup section */
		4C499BC628A9E2CE000BC720 /* LaunchScreen.storyboard */ = {
			isa = PBXVariantGroup;
			children = (
				4C499BC728A9E2CE000BC720 /* Base */,
			);
			name = LaunchScreen.storyboard;
			sourceTree = "<group>";
		};
/* End PBXVariantGroup section */

/* Begin XCBuildConfiguration section */
		4C499BCA28A9E2CE000BC720 /* Debug */ = {
			isa = XCBuildConfiguration;
			buildSettings = {
				ALWAYS_SEARCH_USER_PATHS = NO;
				CLANG_ANALYZER_NONNULL = YES;
				CLANG_ANALYZER_NUMBER_OBJECT_CONVERSION = YES_AGGRESSIVE;
				CLANG_CXX_LANGUAGE_STANDARD = "gnu++17";
				CLANG_ENABLE_MODULES = YES;
				CLANG_ENABLE_OBJC_ARC = YES;
				CLANG_ENABLE_OBJC_WEAK = YES;
				CLANG_WARN_BLOCK_CAPTURE_AUTORELEASING = YES;
				CLANG_WARN_BOOL_CONVERSION = YES;
				CLANG_WARN_COMMA = YES;
				CLANG_WARN_CONSTANT_CONVERSION = YES;
				CLANG_WARN_DEPRECATED_OBJC_IMPLEMENTATIONS = YES;
				CLANG_WARN_DIRECT_OBJC_ISA_USAGE = YES_ERROR;
				CLANG_WARN_DOCUMENTATION_COMMENTS = YES;
				CLANG_WARN_EMPTY_BODY = YES;
				CLANG_WARN_ENUM_CONVERSION = YES;
				CLANG_WARN_INFINITE_RECURSION = YES;
				CLANG_WARN_INT_CONVERSION = YES;
				CLANG_WARN_NON_LITERAL_NULL_CONVERSION = YES;
				CLANG_WARN_OBJC_IMPLICIT_RETAIN_SELF = YES;
				CLANG_WARN_OBJC_LITERAL_CONVERSION = YES;
				CLANG_WARN_OBJC_ROOT_CLASS = YES_ERROR;
				CLANG_WARN_QUOTED_INCLUDE_IN_FRAMEWORK_HEADER = YES;
				CLANG_WARN_RANGE_LOOP_ANALYSIS = YES;
				CLANG_WARN_STRICT_PROTOTYPES = YES;
				CLANG_WARN_SUSPICIOUS_MOVE = YES;
				CLANG_WARN_UNGUARDED_AVAILABILITY = YES_AGGRESSIVE;
				CLANG_WARN_UNREACHABLE_CODE = YES;
				CLANG_WARN__DUPLICATE_METHOD_MATCH = YES;
				COPY_PHASE_STRIP = NO;
				DEBUG_INFORMATION_FORMAT = dwarf;
				ENABLE_STRICT_OBJC_MSGSEND = YES;
				ENABLE_TESTABILITY = YES;
				GCC_C_LANGUAGE_STANDARD = gnu11;
				GCC_DYNAMIC_NO_PIC = NO;
				GCC_NO_COMMON_BLOCKS = YES;
				GCC_OPTIMIZATION_LEVEL = 0;
				GCC_PREPROCESSOR_DEFINITIONS = (
					"DEBUG=1",
					"$(inherited)",
				);
				GCC_WARN_64_TO_32_BIT_CONVERSION = YES;
				GCC_WARN_ABOUT_RETURN_TYPE = YES_ERROR;
				GCC_WARN_UNDECLARED_SELECTOR = YES;
				GCC_WARN_UNINITIALIZED_AUTOS = YES_AGGRESSIVE;
				GCC_WARN_UNUSED_FUNCTION = YES;
				GCC_WARN_UNUSED_VARIABLE = YES;
				IPHONEOS_DEPLOYMENT_TARGET = 15.5;
				MTL_ENABLE_DEBUG_INFO = INCLUDE_SOURCE;
				MTL_FAST_MATH = YES;
				ONLY_ACTIVE_ARCH = YES;
				SDKROOT = iphoneos;
				SWIFT_ACTIVE_COMPILATION_CONDITIONS = DEBUG;
				SWIFT_OPTIMIZATION_LEVEL = "-Onone";
			};
			name = Debug;
		};
		4C499BCB28A9E2CE000BC720 /* Release */ = {
			isa = XCBuildConfiguration;
			buildSettings = {
				ALWAYS_SEARCH_USER_PATHS = NO;
				CLANG_ANALYZER_NONNULL = YES;
				CLANG_ANALYZER_NUMBER_OBJECT_CONVERSION = YES_AGGRESSIVE;
				CLANG_CXX_LANGUAGE_STANDARD = "gnu++17";
				CLANG_ENABLE_MODULES = YES;
				CLANG_ENABLE_OBJC_ARC = YES;
				CLANG_ENABLE_OBJC_WEAK = YES;
				CLANG_WARN_BLOCK_CAPTURE_AUTORELEASING = YES;
				CLANG_WARN_BOOL_CONVERSION = YES;
				CLANG_WARN_COMMA = YES;
				CLANG_WARN_CONSTANT_CONVERSION = YES;
				CLANG_WARN_DEPRECATED_OBJC_IMPLEMENTATIONS = YES;
				CLANG_WARN_DIRECT_OBJC_ISA_USAGE = YES_ERROR;
				CLANG_WARN_DOCUMENTATION_COMMENTS = YES;
				CLANG_WARN_EMPTY_BODY = YES;
				CLANG_WARN_ENUM_CONVERSION = YES;
				CLANG_WARN_INFINITE_RECURSION = YES;
				CLANG_WARN_INT_CONVERSION = YES;
				CLANG_WARN_NON_LITERAL_NULL_CONVERSION = YES;
				CLANG_WARN_OBJC_IMPLICIT_RETAIN_SELF = YES;
				CLANG_WARN_OBJC_LITERAL_CONVERSION = YES;
				CLANG_WARN_OBJC_ROOT_CLASS = YES_ERROR;
				CLANG_WARN_QUOTED_INCLUDE_IN_FRAMEWORK_HEADER = YES;
				CLANG_WARN_RANGE_LOOP_ANALYSIS = YES;
				CLANG_WARN_STRICT_PROTOTYPES = YES;
				CLANG_WARN_SUSPICIOUS_MOVE = YES;
				CLANG_WARN_UNGUARDED_AVAILABILITY = YES_AGGRESSIVE;
				CLANG_WARN_UNREACHABLE_CODE = YES;
				CLANG_WARN__DUPLICATE_METHOD_MATCH = YES;
				COPY_PHASE_STRIP = NO;
				DEBUG_INFORMATION_FORMAT = "dwarf-with-dsym";
				ENABLE_NS_ASSERTIONS = NO;
				ENABLE_STRICT_OBJC_MSGSEND = YES;
				GCC_C_LANGUAGE_STANDARD = gnu11;
				GCC_NO_COMMON_BLOCKS = YES;
				GCC_WARN_64_TO_32_BIT_CONVERSION = YES;
				GCC_WARN_ABOUT_RETURN_TYPE = YES_ERROR;
				GCC_WARN_UNDECLARED_SELECTOR = YES;
				GCC_WARN_UNINITIALIZED_AUTOS = YES_AGGRESSIVE;
				GCC_WARN_UNUSED_FUNCTION = YES;
				GCC_WARN_UNUSED_VARIABLE = YES;
				IPHONEOS_DEPLOYMENT_TARGET = 15.5;
				MTL_ENABLE_DEBUG_INFO = NO;
				MTL_FAST_MATH = YES;
				SDKROOT = iphoneos;
				SWIFT_COMPILATION_MODE = wholemodule;
				SWIFT_OPTIMIZATION_LEVEL = "-O";
				VALIDATE_PRODUCT = YES;
			};
			name = Release;
		};
		4C499BCD28A9E2CE000BC720 /* Debug */ = {
			isa = XCBuildConfiguration;
			buildSettings = {
				ASSETCATALOG_COMPILER_APPICON_NAME = AppIcon;
				ASSETCATALOG_COMPILER_GLOBAL_ACCENT_COLOR_NAME = AccentColor;
				CODE_SIGN_STYLE = Automatic;
				CURRENT_PROJECT_VERSION = 1;
				DEVELOPMENT_TEAM = 2J5ARX354M;
				GENERATE_INFOPLIST_FILE = YES;
				INFOPLIST_FILE = "Destini-No-Storyboard/Info.plist";
				INFOPLIST_KEY_UIApplicationSupportsIndirectInputEvents = YES;
				INFOPLIST_KEY_UILaunchStoryboardName = LaunchScreen;
				INFOPLIST_KEY_UISupportedInterfaceOrientations_iPad = "UIInterfaceOrientationPortrait UIInterfaceOrientationPortraitUpsideDown UIInterfaceOrientationLandscapeLeft UIInterfaceOrientationLandscapeRight";
				INFOPLIST_KEY_UISupportedInterfaceOrientations_iPhone = "UIInterfaceOrientationPortrait UIInterfaceOrientationLandscapeLeft UIInterfaceOrientationLandscapeRight";
				LD_RUNPATH_SEARCH_PATHS = (
					"$(inherited)",
					"@executable_path/Frameworks",
				);
				MARKETING_VERSION = 1.0;
				PRODUCT_BUNDLE_IDENTIFIER = "net.melontwist.Destini-No-Storyboard";
				PRODUCT_NAME = "$(TARGET_NAME)";
				SWIFT_EMIT_LOC_STRINGS = YES;
				SWIFT_VERSION = 5.0;
				TARGETED_DEVICE_FAMILY = "1,2";
			};
			name = Debug;
		};
		4C499BCE28A9E2CE000BC720 /* Release */ = {
			isa = XCBuildConfiguration;
			buildSettings = {
				ASSETCATALOG_COMPILER_APPICON_NAME = AppIcon;
				ASSETCATALOG_COMPILER_GLOBAL_ACCENT_COLOR_NAME = AccentColor;
				CODE_SIGN_STYLE = Automatic;
				CURRENT_PROJECT_VERSION = 1;
				DEVELOPMENT_TEAM = 2J5ARX354M;
				GENERATE_INFOPLIST_FILE = YES;
				INFOPLIST_FILE = "Destini-No-Storyboard/Info.plist";
				INFOPLIST_KEY_UIApplicationSupportsIndirectInputEvents = YES;
				INFOPLIST_KEY_UILaunchStoryboardName = LaunchScreen;
				INFOPLIST_KEY_UISupportedInterfaceOrientations_iPad = "UIInterfaceOrientationPortrait UIInterfaceOrientationPortraitUpsideDown UIInterfaceOrientationLandscapeLeft UIInterfaceOrientationLandscapeRight";
				INFOPLIST_KEY_UISupportedInterfaceOrientations_iPhone = "UIInterfaceOrientationPortrait UIInterfaceOrientationLandscapeLeft UIInterfaceOrientationLandscapeRight";
				LD_RUNPATH_SEARCH_PATHS = (
					"$(inherited)",
					"@executable_path/Frameworks",
				);
				MARKETING_VERSION = 1.0;
				PRODUCT_BUNDLE_IDENTIFIER = "net.melontwist.Destini-No-Storyboard";
				PRODUCT_NAME = "$(TARGET_NAME)";
				SWIFT_EMIT_LOC_STRINGS = YES;
				SWIFT_VERSION = 5.0;
				TARGETED_DEVICE_FAMILY = "1,2";
			};
			name = Release;
		};
/* End XCBuildConfiguration section */

/* Begin XCConfigurationList section */
		4C499BB328A9E2CD000BC720 /* Build configuration list for PBXProject "Destini-No-Storyboard" */ = {
			isa = XCConfigurationList;
			buildConfigurations = (
				4C499BCA28A9E2CE000BC720 /* Debug */,
				4C499BCB28A9E2CE000BC720 /* Release */,
			);
			defaultConfigurationIsVisible = 0;
			defaultConfigurationName = Release;
		};
		4C499BCC28A9E2CE000BC720 /* Build configuration list for PBXNativeTarget "Destini-No-Storyboard" */ = {
			isa = XCConfigurationList;
			buildConfigurations = (
				4C499BCD28A9E2CE000BC720 /* Debug */,
				4C499BCE28A9E2CE000BC720 /* Release */,
			);
			defaultConfigurationIsVisible = 0;
			defaultConfigurationName = Release;
		};
/* End XCConfigurationList section */
	};
	rootObject = 4C499BB028A9E2CD000BC720 /* Project object */;
}
